
Microsoft Visual Studio Solution File, Format Version 12.00
# Visual Studio Version 16
VisualStudioVersion = 16.0.32126.315
MinimumVisualStudioVersion = 10.0.40219.1
Project("{FAE04EC0-301F-11D3-BF4B-00C04F79EFBC}") = "DOPYAO_ADT_2021_22_2.Client", "DOPYAO_ADT_2021_22_2.Client\DOPYAO_ADT_2021_22_2.Client.csproj", "{34D3CF99-56C7-4F7D-A887-73D6F87515C8}"
EndProject
Project("{FAE04EC0-301F-11D3-BF4B-00C04F79EFBC}") = "DOPYAO_ADT_2021_22_2.Models", "DOPYAO_ADT_2021_22_2.Models\DOPYAO_ADT_2021_22_2.Models.csproj", "{1D430CDA-EB29-425A-AFEA-539567DCAF6B}"
EndProject
Project("{FAE04EC0-301F-11D3-BF4B-00C04F79EFBC}") = "DOPYAO_ADT_2021_22_2.Data", "DOPYAO_ADT_2021_22_2.Data\DOPYAO_ADT_2021_22_2.Data.csproj", "{BB10859F-7AD5-4764-A639-1C7C47CE9025}"
EndProject
Project("{FAE04EC0-301F-11D3-BF4B-00C04F79EFBC}") = "DOPYAO_ADT_2021_22_2.Logic", "DOPYAO_ADT_2021_22_2.Logic\DOPYAO_ADT_2021_22_2.Logic.csproj", "{D8031943-1B58-4E41-BE0F-514564CF211A}"
EndProject
Project("{FAE04EC0-301F-11D3-BF4B-00C04F79EFBC}") = "DOPYAO_ADT_2021_22_2.Repository", "DOPYAO_ADT_2021_22_2.Repository\DOPYAO_ADT_2021_22_2.Repository.csproj", "{C6248133-359C-4B60-8E7E-A1C65BEB378C}"
EndProject
Project("{FAE04EC0-301F-11D3-BF4B-00C04F79EFBC}") = "DOPYAO_ADT_2021_22_2.Test", "DOPYAO_ADT_2021_22_2.Test\DOPYAO_ADT_2021_22_2.Test.csproj", "{9365110E-1652-4834-8407-B1B3C4F4BB6A}"
EndProject
Project("{FAE04EC0-301F-11D3-BF4B-00C04F79EFBC}") = "DOPYAO_ADT_2021_22_2.Endpoint", "DOPYAO_ADT_2021_22_2.Endpoint\DOPYAO_ADT_2021_22_2.Endpoint.csproj", "{006F2BCD-0CFE-4EEE-8727-DB8FFD6E2148}"
EndProject
Project("{2150E333-8FDC-42A3-9474-1A3956D46DE8}") = "Backend", "Backend", "{8D1A49BB-6483-4051-A6F2-B89609B0B2AC}"
EndProject
Project("{2150E333-8FDC-42A3-9474-1A3956D46DE8}") = "Frontend", "Frontend", "{7A31A992-20FA-4706-A56C-F3009AE2BC33}"
EndProject
Project("{2150E333-8FDC-42A3-9474-1A3956D46DE8}") = "Shared", "Shared", "{AB709F9D-B164-4066-9956-C9B86D591DEA}"
EndProject
Global
	GlobalSection(SolutionConfigurationPlatforms) = preSolution
		Debug|Any CPU = Debug|Any CPU
		Release|Any CPU = Release|Any CPU
	EndGlobalSection
	GlobalSection(ProjectConfigurationPlatforms) = postSolution
		{34D3CF99-56C7-4F7D-A887-73D6F87515C8}.Debug|Any CPU.ActiveCfg = Debug|Any CPU
		{34D3CF99-56C7-4F7D-A887-73D6F87515C8}.Debug|Any CPU.Build.0 = Debug|Any CPU
		{34D3CF99-56C7-4F7D-A887-73D6F87515C8}.Release|Any CPU.ActiveCfg = Release|Any CPU
		{34D3CF99-56C7-4F7D-A887-73D6F87515C8}.Release|Any CPU.Build.0 = Release|Any CPU
		{1D430CDA-EB29-425A-AFEA-539567DCAF6B}.Debug|Any CPU.ActiveCfg = Debug|Any CPU
		{1D430CDA-EB29-425A-AFEA-539567DCAF6B}.Debug|Any CPU.Build.0 = Debug|Any CPU
		{1D430CDA-EB29-425A-AFEA-539567DCAF6B}.Release|Any CPU.ActiveCfg = Release|Any CPU
		{1D430CDA-EB29-425A-AFEA-539567DCAF6B}.Release|Any CPU.Build.0 = Release|Any CPU
		{BB10859F-7AD5-4764-A639-1C7C47CE9025}.Debug|Any CPU.ActiveCfg = Debug|Any CPU
		{BB10859F-7AD5-4764-A639-1C7C47CE9025}.Debug|Any CPU.Build.0 = Debug|Any CPU
		{BB10859F-7AD5-4764-A639-1C7C47CE9025}.Release|Any CPU.ActiveCfg = Release|Any CPU
		{BB10859F-7AD5-4764-A639-1C7C47CE9025}.Release|Any CPU.Build.0 = Release|Any CPU
		{D8031943-1B58-4E41-BE0F-514564CF211A}.Debug|Any CPU.ActiveCfg = Debug|Any CPU
		{D8031943-1B58-4E41-BE0F-514564CF211A}.Debug|Any CPU.Build.0 = Debug|Any CPU
		{D8031943-1B58-4E41-BE0F-514564CF211A}.Release|Any CPU.ActiveCfg = Release|Any CPU
		{D8031943-1B58-4E41-BE0F-514564CF211A}.Release|Any CPU.Build.0 = Release|Any CPU
		{C6248133-359C-4B60-8E7E-A1C65BEB378C}.Debug|Any CPU.ActiveCfg = Debug|Any CPU
		{C6248133-359C-4B60-8E7E-A1C65BEB378C}.Debug|Any CPU.Build.0 = Debug|Any CPU
		{C6248133-359C-4B60-8E7E-A1C65BEB378C}.Release|Any CPU.ActiveCfg = Release|Any CPU
		{C6248133-359C-4B60-8E7E-A1C65BEB378C}.Release|Any CPU.Build.0 = Release|Any CPU
		{9365110E-1652-4834-8407-B1B3C4F4BB6A}.Debug|Any CPU.ActiveCfg = Debug|Any CPU
		{9365110E-1652-4834-8407-B1B3C4F4BB6A}.Debug|Any CPU.Build.0 = Debug|Any CPU
		{9365110E-1652-4834-8407-B1B3C4F4BB6A}.Release|Any CPU.ActiveCfg = Release|Any CPU
		{9365110E-1652-4834-8407-B1B3C4F4BB6A}.Release|Any CPU.Build.0 = Release|Any CPU
		{006F2BCD-0CFE-4EEE-8727-DB8FFD6E2148}.Debug|Any CPU.ActiveCfg = Debug|Any CPU
		{006F2BCD-0CFE-4EEE-8727-DB8FFD6E2148}.Debug|Any CPU.Build.0 = Debug|Any CPU
		{006F2BCD-0CFE-4EEE-8727-DB8FFD6E2148}.Release|Any CPU.ActiveCfg = Release|Any CPU
		{006F2BCD-0CFE-4EEE-8727-DB8FFD6E2148}.Release|Any CPU.Build.0 = Release|Any CPU
	EndGlobalSection
	GlobalSection(SolutionProperties) = preSolution
		HideSolutionNode = FALSE
	EndGlobalSection
	GlobalSection(NestedProjects) = preSolution
		{34D3CF99-56C7-4F7D-A887-73D6F87515C8} = {7A31A992-20FA-4706-A56C-F3009AE2BC33}
		{1D430CDA-EB29-425A-AFEA-539567DCAF6B} = {AB709F9D-B164-4066-9956-C9B86D591DEA}
		{BB10859F-7AD5-4764-A639-1C7C47CE9025} = {8D1A49BB-6483-4051-A6F2-B89609B0B2AC}
		{D8031943-1B58-4E41-BE0F-514564CF211A} = {8D1A49BB-6483-4051-A6F2-B89609B0B2AC}
		{C6248133-359C-4B60-8E7E-A1C65BEB378C} = {8D1A49BB-6483-4051-A6F2-B89609B0B2AC}
		{9365110E-1652-4834-8407-B1B3C4F4BB6A} = {8D1A49BB-6483-4051-A6F2-B89609B0B2AC}
		{006F2BCD-0CFE-4EEE-8727-DB8FFD6E2148} = {8D1A49BB-6483-4051-A6F2-B89609B0B2AC}
	EndGlobalSection
	GlobalSection(ExtensibilityGlobals) = postSolution
		SolutionGuid = {2D4159DF-CDED-491C-93B2-81956F935F49}
	EndGlobalSection
EndGlobal
